
Microsoft Visual Studio Solution File, Format Version 12.00
# Visual Studio Version 17
VisualStudioVersion = 17.4.33122.133
MinimumVisualStudioVersion = 10.0.40219.1
Project("{FAE04EC0-301F-11D3-BF4B-00C04F79EFBC}") = "AddressBookSystem", "AddressBookSystem.csproj", "{99E7FEFA-82F1-4EF9-BA4C-20FBDC1C1BA7}"
EndProject
Global
	GlobalSection(SolutionConfigurationPlatforms) = preSolution
		Debug|Any CPU = Debug|Any CPU
		Release|Any CPU = Release|Any CPU
	EndGlobalSection
	GlobalSection(ProjectConfigurationPlatforms) = postSolution
		{99E7FEFA-82F1-4EF9-BA4C-20FBDC1C1BA7}.Debug|Any CPU.ActiveCfg = Debug|Any CPU
		{99E7FEFA-82F1-4EF9-BA4C-20FBDC1C1BA7}.Debug|Any CPU.Build.0 = Debug|Any CPU
		{99E7FEFA-82F1-4EF9-BA4C-20FBDC1C1BA7}.Release|Any CPU.ActiveCfg = Release|Any CPU
		{99E7FEFA-82F1-4EF9-BA4C-20FBDC1C1BA7}.Release|Any CPU.Build.0 = Release|Any CPU
	EndGlobalSection
	GlobalSection(SolutionProperties) = preSolution
		HideSolutionNode = FALSE
	EndGlobalSection
	GlobalSection(ExtensibilityGlobals) = postSolution
		SolutionGuid = {35812B5A-8520-46C0-8FB7-7578D49657FC}
	EndGlobalSection
EndGlobal
